{
  "object": {
    "pins": [
      {
        "package": "SwiftProtobuf",
        "repositoryURL": "https://github.com/apple/swift-protobuf.git",
        "state": {
          "branch": null,
          "revision": "3a3594f84b746793c84c2ab2f1e855aaa9d3a593",
          "version": "1.6.0"
        }
      },
      {
        "package": "UB",
        "repositoryURL": "https://github.com/ultralight-beam/UB.swift.git",
        "state": {
          "branch": "master",
          "revision": "f79ef6f3f0f658b80f27d0559d5bbfc084bc237c",
          "version": null
        }
      }
    ]
  },
  "version": 1
}
