{
  "object": {
    "pins": [
      {
        "package": "SwiftProtobuf",
        "repositoryURL": "https://github.com/apple/swift-protobuf.git",
        "state": {
          "branch": null,
          "revision": "3a3594f84b746793c84c2ab2f1e855aaa9d3a593",
          "version": "1.6.0"
        }
      },
      {
        "package": "UB",
        "repositoryURL": "https://github.com/ultralight-beam/UB.swift.git",
        "state": {
          "branch": null,
          "revision": "d8bec93f5ab4a7711a34b3ca1f5ec0376911cb89",
          "version": "0.2.0"
        }
      }
    ]
  },
  "version": 1
}
